
Microsoft Visual Studio Solution File, Format Version 12.00
# Visual Studio Version 16
VisualStudioVersion = 16.0.28803.202
MinimumVisualStudioVersion = 10.0.40219.1
Project("{FAE04EC0-301F-11D3-BF4B-00C04F79EFBC}") = "BluePrismTechnicalTest", "BluePrismTechnicalTest\BluePrismTechnicalTest.csproj", "{9ABE222B-9BFF-440F-A50D-17EDBFCCBD31}"
EndProject
Project("{FAE04EC0-301F-11D3-BF4B-00C04F79EFBC}") = "BluePrismTechnicalTest.Test", "BluePrismTechnicalTest.Test\BluePrismTechnicalTest.Test.csproj", "{A3F83568-B27A-4E57-9A10-A7B013B3DD14}"
EndProject
Global
	GlobalSection(SolutionConfigurationPlatforms) = preSolution
		Debug|Any CPU = Debug|Any CPU
		Release|Any CPU = Release|Any CPU
	EndGlobalSection
	GlobalSection(ProjectConfigurationPlatforms) = postSolution
		{9ABE222B-9BFF-440F-A50D-17EDBFCCBD31}.Debug|Any CPU.ActiveCfg = Debug|Any CPU
		{9ABE222B-9BFF-440F-A50D-17EDBFCCBD31}.Debug|Any CPU.Build.0 = Debug|Any CPU
		{9ABE222B-9BFF-440F-A50D-17EDBFCCBD31}.Release|Any CPU.ActiveCfg = Release|Any CPU
		{9ABE222B-9BFF-440F-A50D-17EDBFCCBD31}.Release|Any CPU.Build.0 = Release|Any CPU
		{A3F83568-B27A-4E57-9A10-A7B013B3DD14}.Debug|Any CPU.ActiveCfg = Debug|Any CPU
		{A3F83568-B27A-4E57-9A10-A7B013B3DD14}.Debug|Any CPU.Build.0 = Debug|Any CPU
		{A3F83568-B27A-4E57-9A10-A7B013B3DD14}.Release|Any CPU.ActiveCfg = Release|Any CPU
		{A3F83568-B27A-4E57-9A10-A7B013B3DD14}.Release|Any CPU.Build.0 = Release|Any CPU
	EndGlobalSection
	GlobalSection(SolutionProperties) = preSolution
		HideSolutionNode = FALSE
	EndGlobalSection
	GlobalSection(ExtensibilityGlobals) = postSolution
		SolutionGuid = {6D526AB3-FDA8-483C-8F60-78DD96A36EC9}
	EndGlobalSection
EndGlobal
